
Microsoft Visual Studio Solution File, Format Version 12.00
# Visual Studio Version 16
VisualStudioVersion = 16.0.28803.202
MinimumVisualStudioVersion = 10.0.40219.1
Project("{FAE04EC0-301F-11D3-BF4B-00C04F79EFBC}") = "Producer", "Producer\Producer.csproj", "{E2410F41-3CE1-4A03-8027-3F7E0D976FC2}"
EndProject
Project("{FAE04EC0-301F-11D3-BF4B-00C04F79EFBC}") = "Consumer", "Consumer\Consumer.csproj", "{2CF2BD7F-5FA8-4ABD-8A82-C716BDCBEF2A}"
EndProject
Global
	GlobalSection(SolutionConfigurationPlatforms) = preSolution
		Debug|Any CPU = Debug|Any CPU
		Release|Any CPU = Release|Any CPU
	EndGlobalSection
	GlobalSection(ProjectConfigurationPlatforms) = postSolution
		{E2410F41-3CE1-4A03-8027-3F7E0D976FC2}.Debug|Any CPU.ActiveCfg = Debug|Any CPU
		{E2410F41-3CE1-4A03-8027-3F7E0D976FC2}.Debug|Any CPU.Build.0 = Debug|Any CPU
		{E2410F41-3CE1-4A03-8027-3F7E0D976FC2}.Release|Any CPU.ActiveCfg = Release|Any CPU
		{E2410F41-3CE1-4A03-8027-3F7E0D976FC2}.Release|Any CPU.Build.0 = Release|Any CPU
		{2CF2BD7F-5FA8-4ABD-8A82-C716BDCBEF2A}.Debug|Any CPU.ActiveCfg = Debug|Any CPU
		{2CF2BD7F-5FA8-4ABD-8A82-C716BDCBEF2A}.Debug|Any CPU.Build.0 = Debug|Any CPU
		{2CF2BD7F-5FA8-4ABD-8A82-C716BDCBEF2A}.Release|Any CPU.ActiveCfg = Release|Any CPU
		{2CF2BD7F-5FA8-4ABD-8A82-C716BDCBEF2A}.Release|Any CPU.Build.0 = Release|Any CPU
	EndGlobalSection
	GlobalSection(SolutionProperties) = preSolution
		HideSolutionNode = FALSE
	EndGlobalSection
	GlobalSection(ExtensibilityGlobals) = postSolution
		SolutionGuid = {6ED09470-18A5-4807-A647-32859197F316}
	EndGlobalSection
EndGlobal
